
Microsoft Visual Studio Solution File, Format Version 12.00
# Visual Studio Version 17
VisualStudioVersion = 17.6.33712.159
MinimumVisualStudioVersion = 10.0.40219.1
Project("{FAE04EC0-301F-11D3-BF4B-00C04F79EFBC}") = "LowCodeInternal_BusinessApps_Automation_BDD", "LowCodeInternal_BusinessApps_Automation_BDD.csproj", "{95072432-C0D8-4784-A3E7-EB77FFEA3F10}"
EndProject
Global
	GlobalSection(SolutionConfigurationPlatforms) = preSolution
		Debug|Any CPU = Debug|Any CPU
		Release|Any CPU = Release|Any CPU
	EndGlobalSection
	GlobalSection(ProjectConfigurationPlatforms) = postSolution
		{95072432-C0D8-4784-A3E7-EB77FFEA3F10}.Debug|Any CPU.ActiveCfg = Debug|Any CPU
		{95072432-C0D8-4784-A3E7-EB77FFEA3F10}.Debug|Any CPU.Build.0 = Debug|Any CPU
		{95072432-C0D8-4784-A3E7-EB77FFEA3F10}.Release|Any CPU.ActiveCfg = Release|Any CPU
		{95072432-C0D8-4784-A3E7-EB77FFEA3F10}.Release|Any CPU.Build.0 = Release|Any CPU
	EndGlobalSection
	GlobalSection(SolutionProperties) = preSolution
		HideSolutionNode = FALSE
	EndGlobalSection
	GlobalSection(ExtensibilityGlobals) = postSolution
		SolutionGuid = {C5B9AC3C-5CC8-4F49-AFE6-7D650C310727}
	EndGlobalSection
EndGlobal
